
Microsoft Visual Studio Solution File, Format Version 12.00
# Visual Studio Version 16
VisualStudioVersion = 16.0.810.18
MinimumVisualStudioVersion = 10.0.40219.1
Project("{FAE04EC0-301F-11D3-BF4B-00C04F79EFBC}") = "SelectionStatements", "SelectionStatements\SelectionStatements.csproj", "{84280682-8259-4B59-8AAD-FE23380CD628}"
EndProject
Global
	GlobalSection(SolutionConfigurationPlatforms) = preSolution
		Debug|Any CPU = Debug|Any CPU
		Release|Any CPU = Release|Any CPU
	EndGlobalSection
	GlobalSection(ProjectConfigurationPlatforms) = postSolution
		{84280682-8259-4B59-8AAD-FE23380CD628}.Debug|Any CPU.ActiveCfg = Debug|Any CPU
		{84280682-8259-4B59-8AAD-FE23380CD628}.Debug|Any CPU.Build.0 = Debug|Any CPU
		{84280682-8259-4B59-8AAD-FE23380CD628}.Release|Any CPU.ActiveCfg = Release|Any CPU
		{84280682-8259-4B59-8AAD-FE23380CD628}.Release|Any CPU.Build.0 = Release|Any CPU
	EndGlobalSection
	GlobalSection(SolutionProperties) = preSolution
		HideSolutionNode = FALSE
	EndGlobalSection
	GlobalSection(ExtensibilityGlobals) = postSolution
		SolutionGuid = {866365B7-37BC-46E9-9CE1-88F3E7F94FB7}
	EndGlobalSection
EndGlobal
